
Microsoft Visual Studio Solution File, Format Version 12.00
# Visual Studio Version 16
VisualStudioVersion = 16.0.30907.101
MinimumVisualStudioVersion = 10.0.40219.1
Project("{9A19103F-16F7-4668-BE54-9A1E7A4F7556}") = "ServerApp", "ServerApp\ServerApp.csproj", "{B2B34070-6A79-4D3A-9EF7-702AD0A1C4E2}"
EndProject
Project("{E24C65DC-7377-472B-9ABA-BC803B73C61A}") = "ClientApp", "ClientApp\", "{435609A4-4F05-4387-BB35-D558F829F4E6}"
	ProjectSection(WebsiteProperties) = preProject
		TargetFrameworkMoniker = ".NETFramework,Version%3Dv4.0"
		Debug.AspNetCompiler.VirtualPath = "/localhost_50965"
		Debug.AspNetCompiler.PhysicalPath = "ClientApp\"
		Debug.AspNetCompiler.TargetPath = "PrecompiledWeb\localhost_50965\"
		Debug.AspNetCompiler.Updateable = "true"
		Debug.AspNetCompiler.ForceOverwrite = "true"
		Debug.AspNetCompiler.FixedNames = "false"
		Debug.AspNetCompiler.Debug = "True"
		Release.AspNetCompiler.VirtualPath = "/localhost_50965"
		Release.AspNetCompiler.PhysicalPath = "ClientApp\"
		Release.AspNetCompiler.TargetPath = "PrecompiledWeb\localhost_50965\"
		Release.AspNetCompiler.Updateable = "true"
		Release.AspNetCompiler.ForceOverwrite = "true"
		Release.AspNetCompiler.FixedNames = "false"
		Release.AspNetCompiler.Debug = "False"
		VWDPort = "50965"
		SlnRelativePath = "ClientApp\"
	EndProjectSection
EndProject
Global
	GlobalSection(SolutionConfigurationPlatforms) = preSolution
		Debug|Any CPU = Debug|Any CPU
		Release|Any CPU = Release|Any CPU
	EndGlobalSection
	GlobalSection(ProjectConfigurationPlatforms) = postSolution
		{B2B34070-6A79-4D3A-9EF7-702AD0A1C4E2}.Debug|Any CPU.ActiveCfg = Debug|Any CPU
		{B2B34070-6A79-4D3A-9EF7-702AD0A1C4E2}.Debug|Any CPU.Build.0 = Debug|Any CPU
		{B2B34070-6A79-4D3A-9EF7-702AD0A1C4E2}.Release|Any CPU.ActiveCfg = Release|Any CPU
		{B2B34070-6A79-4D3A-9EF7-702AD0A1C4E2}.Release|Any CPU.Build.0 = Release|Any CPU
		{435609A4-4F05-4387-BB35-D558F829F4E6}.Debug|Any CPU.ActiveCfg = Debug|Any CPU
		{435609A4-4F05-4387-BB35-D558F829F4E6}.Debug|Any CPU.Build.0 = Debug|Any CPU
		{435609A4-4F05-4387-BB35-D558F829F4E6}.Release|Any CPU.ActiveCfg = Debug|Any CPU
		{435609A4-4F05-4387-BB35-D558F829F4E6}.Release|Any CPU.Build.0 = Debug|Any CPU
	EndGlobalSection
	GlobalSection(SolutionProperties) = preSolution
		HideSolutionNode = FALSE
	EndGlobalSection
	GlobalSection(ExtensibilityGlobals) = postSolution
		SolutionGuid = {D9BC68D0-B3E7-49F4-A45D-61F4F5840E8D}
	EndGlobalSection
EndGlobal
